<?xml version="1.0" encoding="utf-8"?>
<Project ToolsVersion="4.0" xmlns="http://schemas.microsoft.com/developer/msbuild/2003">
  <ItemGroup>
    <Filter Include="ObjectModel">
      <UniqueIdentifier>{c1b4f9cf-18ed-495c-bcac-f821acb0ac86}</UniqueIdentifier>
    </Filter>
  </ItemGroup>
  <ItemGroup>
    <ClCompile Include="main.cpp" />
  </ItemGroup>
  <ItemGroup>
    <ClInclude Include="objectmodel\queryResult.h">
      <Filter>ObjectModel</Filter>
    </ClInclude>
    <ClInclude Include="objectmodel\queryInfo.h">
      <Filter>ObjectModel</Filter>
    </ClInclude>
    <ClInclude Include="queryDnsType.h" />
    <ClInclude Include="queryAnswerType.h" />
  </ItemGroup>
</Project>